
Microsoft Visual Studio Solution File, Format Version 12.00
# Visual Studio 2012
Project("{8BC9CEB8-8B4A-11D0-8D11-00A0C91BC942}") = "laba 1", "laba 1\laba 1.vcxproj", "{EEF413D5-BC2F-4633-9CD0-175BAC55DCA8}"
EndProject
Project("{8BC9CEB8-8B4A-11D0-8D11-00A0C91BC942}") = "2", "2\2.vcxproj", "{829F60E9-0FE2-4BFB-ABA5-E38C5D2D3F9A}"
EndProject
Project("{8BC9CEB8-8B4A-11D0-8D11-00A0C91BC942}") = "3", "3\3.vcxproj", "{4AEBAE96-D88B-4C5D-9902-65C37EDB539B}"
EndProject
Project("{8BC9CEB8-8B4A-11D0-8D11-00A0C91BC942}") = "4", "4\4.vcxproj", "{1CC2E541-056C-496D-B789-0F4277D311C1}"
EndProject
Project("{8BC9CEB8-8B4A-11D0-8D11-00A0C91BC942}") = "5", "5\5.vcxproj", "{00155DE7-7619-4DC8-A1D8-A3231A6917CA}"
EndProject
Project("{8BC9CEB8-8B4A-11D0-8D11-00A0C91BC942}") = "6", "6\6.vcxproj", "{D1E6BA5C-F9D2-41B4-938D-BBDD7858BB71}"
EndProject
Global
	GlobalSection(SolutionConfigurationPlatforms) = preSolution
		Debug|Win32 = Debug|Win32
		Release|Win32 = Release|Win32
	EndGlobalSection
	GlobalSection(ProjectConfigurationPlatforms) = postSolution
		{EEF413D5-BC2F-4633-9CD0-175BAC55DCA8}.Debug|Win32.ActiveCfg = Debug|Win32
		{EEF413D5-BC2F-4633-9CD0-175BAC55DCA8}.Debug|Win32.Build.0 = Debug|Win32
		{EEF413D5-BC2F-4633-9CD0-175BAC55DCA8}.Release|Win32.ActiveCfg = Release|Win32
		{EEF413D5-BC2F-4633-9CD0-175BAC55DCA8}.Release|Win32.Build.0 = Release|Win32
		{829F60E9-0FE2-4BFB-ABA5-E38C5D2D3F9A}.Debug|Win32.ActiveCfg = Debug|Win32
		{829F60E9-0FE2-4BFB-ABA5-E38C5D2D3F9A}.Debug|Win32.Build.0 = Debug|Win32
		{829F60E9-0FE2-4BFB-ABA5-E38C5D2D3F9A}.Release|Win32.ActiveCfg = Release|Win32
		{829F60E9-0FE2-4BFB-ABA5-E38C5D2D3F9A}.Release|Win32.Build.0 = Release|Win32
		{4AEBAE96-D88B-4C5D-9902-65C37EDB539B}.Debug|Win32.ActiveCfg = Debug|Win32
		{4AEBAE96-D88B-4C5D-9902-65C37EDB539B}.Debug|Win32.Build.0 = Debug|Win32
		{4AEBAE96-D88B-4C5D-9902-65C37EDB539B}.Release|Win32.ActiveCfg = Release|Win32
		{4AEBAE96-D88B-4C5D-9902-65C37EDB539B}.Release|Win32.Build.0 = Release|Win32
		{1CC2E541-056C-496D-B789-0F4277D311C1}.Debug|Win32.ActiveCfg = Debug|Win32
		{1CC2E541-056C-496D-B789-0F4277D311C1}.Debug|Win32.Build.0 = Debug|Win32
		{1CC2E541-056C-496D-B789-0F4277D311C1}.Release|Win32.ActiveCfg = Release|Win32
		{1CC2E541-056C-496D-B789-0F4277D311C1}.Release|Win32.Build.0 = Release|Win32
		{00155DE7-7619-4DC8-A1D8-A3231A6917CA}.Debug|Win32.ActiveCfg = Debug|Win32
		{00155DE7-7619-4DC8-A1D8-A3231A6917CA}.Debug|Win32.Build.0 = Debug|Win32
		{00155DE7-7619-4DC8-A1D8-A3231A6917CA}.Release|Win32.ActiveCfg = Release|Win32
		{00155DE7-7619-4DC8-A1D8-A3231A6917CA}.Release|Win32.Build.0 = Release|Win32
		{D1E6BA5C-F9D2-41B4-938D-BBDD7858BB71}.Debug|Win32.ActiveCfg = Debug|Win32
		{D1E6BA5C-F9D2-41B4-938D-BBDD7858BB71}.Debug|Win32.Build.0 = Debug|Win32
		{D1E6BA5C-F9D2-41B4-938D-BBDD7858BB71}.Release|Win32.ActiveCfg = Release|Win32
		{D1E6BA5C-F9D2-41B4-938D-BBDD7858BB71}.Release|Win32.Build.0 = Release|Win32
	EndGlobalSection
	GlobalSection(SolutionProperties) = preSolution
		HideSolutionNode = FALSE
	EndGlobalSection
EndGlobal
